{
  "name": "@mahastrategies/sdk",
  "version": "0.2.0",
  "lockfileVersion": 3,
  "requires": true,
  "packages": {
    "": {
      "name": "@mahastrategies/sdk",
      "version": "0.2.0",
      "license": "MIT",
      "dependencies": {
        "@mahastrategies/sdk": "^0.2.0"
      },
      "engines": {
        "node": ">=18"
      }
    },
    "node_modules/@mahastrategies/sdk": {
      "version": "0.2.0",
      "resolved": "https://registry.npmjs.org/@mahastrategies/sdk/-/sdk-0.2.0.tgz",
      "integrity": "sha512-0ipRZSPLANt5M6L8nWgycB1XlnjI6F1RpvlC1paciv7xaoj1m3Qpwt+r9XdRuVb6HzqCqJdp6l6KaaEMESB1/A==",
      "license": "MIT",
      "engines": {
        "node": ">=18"
      }
    }
  }
}
